// !$*UTF8*$!
{
	archiveVersion = 1;
	classes = {
	};
	objectVersion = 50;
	objects = {

/* Begin PBXBuildFile section */
		9CBAE1ECBCCA6AA8AEB7256D /* Pods_Assignment17Media.framework in Frameworks */ = {isa = PBXBuildFile; fileRef = 01A4726B07D50BAAA60B3F78 /* Pods_Assignment17Media.framework */; };
		B91BEA2622A51E760052290D /* AppDelegate.swift in Sources */ = {isa = PBXBuildFile; fileRef = B91BEA2522A51E760052290D /* AppDelegate.swift */; };
		B91BEA2822A51E760052290D /* ViewController.swift in Sources */ = {isa = PBXBuildFile; fileRef = B91BEA2722A51E760052290D /* ViewController.swift */; };
		B91BEA2B22A51E760052290D /* Main.storyboard in Resources */ = {isa = PBXBuildFile; fileRef = B91BEA2922A51E760052290D /* Main.storyboard */; };
		B91BEA2E22A51E760052290D /* Assignment17Media.xcdatamodeld in Sources */ = {isa = PBXBuildFile; fileRef = B91BEA2C22A51E760052290D /* Assignment17Media.xcdatamodeld */; };
		B91BEA3022A51E770052290D /* Assets.xcassets in Resources */ = {isa = PBXBuildFile; fileRef = B91BEA2F22A51E770052290D /* Assets.xcassets */; };
		B91BEA3322A51E770052290D /* LaunchScreen.storyboard in Resources */ = {isa = PBXBuildFile; fileRef = B91BEA3122A51E770052290D /* LaunchScreen.storyboard */; };
		B91BEA3C22A5440A0052290D /* UserObject.swift in Sources */ = {isa = PBXBuildFile; fileRef = B91BEA3B22A5440A0052290D /* UserObject.swift */; };
		B91BEA3E22A5444D0052290D /* KingFisherWrapper.swift in Sources */ = {isa = PBXBuildFile; fileRef = B91BEA3D22A5444D0052290D /* KingFisherWrapper.swift */; };
		B91BEA4022A547340052290D /* HTTPClient.swift in Sources */ = {isa = PBXBuildFile; fileRef = B91BEA3F22A547340052290D /* HTTPClient.swift */; };
		B91BEA4222A5E17F0052290D /* UserRequest.swift in Sources */ = {isa = PBXBuildFile; fileRef = B91BEA4122A5E17F0052290D /* UserRequest.swift */; };
		B91BEA4422A5E38A0052290D /* UserProvider.swift in Sources */ = {isa = PBXBuildFile; fileRef = B91BEA4322A5E38A0052290D /* UserProvider.swift */; };
/* End PBXBuildFile section */

/* Begin PBXFileReference section */
		01A4726B07D50BAAA60B3F78 /* Pods_Assignment17Media.framework */ = {isa = PBXFileReference; explicitFileType = wrapper.framework; includeInIndex = 0; path = Pods_Assignment17Media.framework; sourceTree = BUILT_PRODUCTS_DIR; };
		702357C7C226AD0EFECD8FF0 /* Pods-Assignment17Media.debug.xcconfig */ = {isa = PBXFileReference; includeInIndex = 1; lastKnownFileType = text.xcconfig; name = "Pods-Assignment17Media.debug.xcconfig"; path = "Target Support Files/Pods-Assignment17Media/Pods-Assignment17Media.debug.xcconfig"; sourceTree = "<group>"; };
		9E41C4678869D756797A71DB /* Pods-Assignment17Media.release.xcconfig */ = {isa = PBXFileReference; includeInIndex = 1; lastKnownFileType = text.xcconfig; name = "Pods-Assignment17Media.release.xcconfig"; path = "Target Support Files/Pods-Assignment17Media/Pods-Assignment17Media.release.xcconfig"; sourceTree = "<group>"; };
		B91BEA2222A51E760052290D /* Assignment17Media.app */ = {isa = PBXFileReference; explicitFileType = wrapper.application; includeInIndex = 0; path = Assignment17Media.app; sourceTree = BUILT_PRODUCTS_DIR; };
		B91BEA2522A51E760052290D /* AppDelegate.swift */ = {isa = PBXFileReference; lastKnownFileType = sourcecode.swift; path = AppDelegate.swift; sourceTree = "<group>"; };
		B91BEA2722A51E760052290D /* ViewController.swift */ = {isa = PBXFileReference; lastKnownFileType = sourcecode.swift; path = ViewController.swift; sourceTree = "<group>"; };
		B91BEA2A22A51E760052290D /* Base */ = {isa = PBXFileReference; lastKnownFileType = file.storyboard; name = Base; path = Base.lproj/Main.storyboard; sourceTree = "<group>"; };
		B91BEA2D22A51E760052290D /* Assignment17Media.xcdatamodel */ = {isa = PBXFileReference; lastKnownFileType = wrapper.xcdatamodel; path = Assignment17Media.xcdatamodel; sourceTree = "<group>"; };
		B91BEA2F22A51E770052290D /* Assets.xcassets */ = {isa = PBXFileReference; lastKnownFileType = folder.assetcatalog; path = Assets.xcassets; sourceTree = "<group>"; };
		B91BEA3222A51E770052290D /* Base */ = {isa = PBXFileReference; lastKnownFileType = file.storyboard; name = Base; path = Base.lproj/LaunchScreen.storyboard; sourceTree = "<group>"; };
		B91BEA3422A51E770052290D /* Info.plist */ = {isa = PBXFileReference; lastKnownFileType = text.plist.xml; path = Info.plist; sourceTree = "<group>"; };
		B91BEA3B22A5440A0052290D /* UserObject.swift */ = {isa = PBXFileReference; lastKnownFileType = sourcecode.swift; path = UserObject.swift; sourceTree = "<group>"; };
		B91BEA3D22A5444D0052290D /* KingFisherWrapper.swift */ = {isa = PBXFileReference; lastKnownFileType = sourcecode.swift; path = KingFisherWrapper.swift; sourceTree = "<group>"; };
		B91BEA3F22A547340052290D /* HTTPClient.swift */ = {isa = PBXFileReference; lastKnownFileType = sourcecode.swift; path = HTTPClient.swift; sourceTree = "<group>"; };
		B91BEA4122A5E17F0052290D /* UserRequest.swift */ = {isa = PBXFileReference; lastKnownFileType = sourcecode.swift; path = UserRequest.swift; sourceTree = "<group>"; };
		B91BEA4322A5E38A0052290D /* UserProvider.swift */ = {isa = PBXFileReference; lastKnownFileType = sourcecode.swift; path = UserProvider.swift; sourceTree = "<group>"; };
/* End PBXFileReference section */

/* Begin PBXFrameworksBuildPhase section */
		B91BEA1F22A51E760052290D /* Frameworks */ = {
			isa = PBXFrameworksBuildPhase;
			buildActionMask = 2147483647;
			files = (
				9CBAE1ECBCCA6AA8AEB7256D /* Pods_Assignment17Media.framework in Frameworks */,
			);
			runOnlyForDeploymentPostprocessing = 0;
		};
/* End PBXFrameworksBuildPhase section */

/* Begin PBXGroup section */
		447B5BE528E9385141916417 /* Frameworks */ = {
			isa = PBXGroup;
			children = (
				01A4726B07D50BAAA60B3F78 /* Pods_Assignment17Media.framework */,
			);
			name = Frameworks;
			sourceTree = "<group>";
		};
		B91BEA1922A51E760052290D = {
			isa = PBXGroup;
			children = (
				B91BEA2422A51E760052290D /* Assignment17Media */,
				B91BEA2322A51E760052290D /* Products */,
				ED4B32734E51BD396D7FDF59 /* Pods */,
				447B5BE528E9385141916417 /* Frameworks */,
			);
			sourceTree = "<group>";
		};
		B91BEA2322A51E760052290D /* Products */ = {
			isa = PBXGroup;
			children = (
				B91BEA2222A51E760052290D /* Assignment17Media.app */,
			);
			name = Products;
			sourceTree = "<group>";
		};
		B91BEA2422A51E760052290D /* Assignment17Media */ = {
			isa = PBXGroup;
			children = (
				B91BEA3A22A543F20052290D /* Model */,
				B91BEA2522A51E760052290D /* AppDelegate.swift */,
				B91BEA2722A51E760052290D /* ViewController.swift */,
				B91BEA2922A51E760052290D /* Main.storyboard */,
				B91BEA2F22A51E770052290D /* Assets.xcassets */,
				B91BEA3122A51E770052290D /* LaunchScreen.storyboard */,
				B91BEA3422A51E770052290D /* Info.plist */,
				B91BEA2C22A51E760052290D /* Assignment17Media.xcdatamodeld */,
			);
			path = Assignment17Media;
			sourceTree = "<group>";
		};
		B91BEA3A22A543F20052290D /* Model */ = {
			isa = PBXGroup;
			children = (
				B91BEA3D22A5444D0052290D /* KingFisherWrapper.swift */,
				B91BEA3B22A5440A0052290D /* UserObject.swift */,
				B91BEA3F22A547340052290D /* HTTPClient.swift */,
				B91BEA4122A5E17F0052290D /* UserRequest.swift */,
				B91BEA4322A5E38A0052290D /* UserProvider.swift */,
			);
			path = Model;
			sourceTree = "<group>";
		};
		ED4B32734E51BD396D7FDF59 /* Pods */ = {
			isa = PBXGroup;
			children = (
				702357C7C226AD0EFECD8FF0 /* Pods-Assignment17Media.debug.xcconfig */,
				9E41C4678869D756797A71DB /* Pods-Assignment17Media.release.xcconfig */,
			);
			path = Pods;
			sourceTree = "<group>";
		};
/* End PBXGroup section */

/* Begin PBXNativeTarget section */
		B91BEA2122A51E760052290D /* Assignment17Media */ = {
			isa = PBXNativeTarget;
			buildConfigurationList = B91BEA3722A51E770052290D /* Build configuration list for PBXNativeTarget "Assignment17Media" */;
			buildPhases = (
				624C10564BB15E93E85F51DA /* [CP] Check Pods Manifest.lock */,
				B91BEA1E22A51E760052290D /* Sources */,
				B91BEA1F22A51E760052290D /* Frameworks */,
				B91BEA2022A51E760052290D /* Resources */,
				3DB5CFC6EF388CD5ADCC60A7 /* [CP] Embed Pods Frameworks */,
			);
			buildRules = (
			);
			dependencies = (
			);
			name = Assignment17Media;
			productName = Assignment17Media;
			productReference = B91BEA2222A51E760052290D /* Assignment17Media.app */;
			productType = "com.apple.product-type.application";
		};
/* End PBXNativeTarget section */

/* Begin PBXProject section */
		B91BEA1A22A51E760052290D /* Project object */ = {
			isa = PBXProject;
			attributes = {
				LastSwiftUpdateCheck = 1020;
				LastUpgradeCheck = 1020;
				ORGANIZATIONNAME = "Fu-Chiung HSU";
				TargetAttributes = {
					B91BEA2122A51E760052290D = {
						CreatedOnToolsVersion = 10.2;
					};
				};
			};
			buildConfigurationList = B91BEA1D22A51E760052290D /* Build configuration list for PBXProject "Assignment17Media" */;
			compatibilityVersion = "Xcode 9.3";
			developmentRegion = en;
			hasScannedForEncodings = 0;
			knownRegions = (
				en,
				Base,
			);
			mainGroup = B91BEA1922A51E760052290D;
			productRefGroup = B91BEA2322A51E760052290D /* Products */;
			projectDirPath = "";
			projectRoot = "";
			targets = (
				B91BEA2122A51E760052290D /* Assignment17Media */,
			);
		};
/* End PBXProject section */

/* Begin PBXResourcesBuildPhase section */
		B91BEA2022A51E760052290D /* Resources */ = {
			isa = PBXResourcesBuildPhase;
			buildActionMask = 2147483647;
			files = (
				B91BEA3322A51E770052290D /* LaunchScreen.storyboard in Resources */,
				B91BEA3022A51E770052290D /* Assets.xcassets in Resources */,
				B91BEA2B22A51E760052290D /* Main.storyboard in Resources */,
			);
			runOnlyForDeploymentPostprocessing = 0;
		};
/* End PBXResourcesBuildPhase section */

/* Begin PBXShellScriptBuildPhase section */
		3DB5CFC6EF388CD5ADCC60A7 /* [CP] Embed Pods Frameworks */ = {
			isa = PBXShellScriptBuildPhase;
			buildActionMask = 2147483647;
			files = (
			);
			inputFileListPaths = (
			);
			inputPaths = (
				"${PODS_ROOT}/Target Support Files/Pods-Assignment17Media/Pods-Assignment17Media-frameworks.sh",
				"${BUILT_PRODUCTS_DIR}/Kingfisher/Kingfisher.framework",
			);
			name = "[CP] Embed Pods Frameworks";
			outputFileListPaths = (
			);
			outputPaths = (
				"${TARGET_BUILD_DIR}/${FRAMEWORKS_FOLDER_PATH}/Kingfisher.framework",
			);
			runOnlyForDeploymentPostprocessing = 0;
			shellPath = /bin/sh;
			shellScript = "\"${PODS_ROOT}/Target Support Files/Pods-Assignment17Media/Pods-Assignment17Media-frameworks.sh\"\n";
			showEnvVarsInLog = 0;
		};
		624C10564BB15E93E85F51DA /* [CP] Check Pods Manifest.lock */ = {
			isa = PBXShellScriptBuildPhase;
			buildActionMask = 2147483647;
			files = (
			);
			inputFileListPaths = (
			);
			inputPaths = (
				"${PODS_PODFILE_DIR_PATH}/Podfile.lock",
				"${PODS_ROOT}/Manifest.lock",
			);
			name = "[CP] Check Pods Manifest.lock";
			outputFileListPaths = (
			);
			outputPaths = (
				"$(DERIVED_FILE_DIR)/Pods-Assignment17Media-checkManifestLockResult.txt",
			);
			runOnlyForDeploymentPostprocessing = 0;
			shellPath = /bin/sh;
			shellScript = "diff \"${PODS_PODFILE_DIR_PATH}/Podfile.lock\" \"${PODS_ROOT}/Manifest.lock\" > /dev/null\nif [ $? != 0 ] ; then\n    # print error to STDERR\n    echo \"error: The sandbox is not in sync with the Podfile.lock. Run 'pod install' or update your CocoaPods installation.\" >&2\n    exit 1\nfi\n# This output is used by Xcode 'outputs' to avoid re-running this script phase.\necho \"SUCCESS\" > \"${SCRIPT_OUTPUT_FILE_0}\"\n";
			showEnvVarsInLog = 0;
		};
/* End PBXShellScriptBuildPhase section */

/* Begin PBXSourcesBuildPhase section */
		B91BEA1E22A51E760052290D /* Sources */ = {
			isa = PBXSourcesBuildPhase;
			buildActionMask = 2147483647;
			files = (
				B91BEA3E22A5444D0052290D /* KingFisherWrapper.swift in Sources */,
				B91BEA2E22A51E760052290D /* Assignment17Media.xcdatamodeld in Sources */,
				B91BEA4022A547340052290D /* HTTPClient.swift in Sources */,
				B91BEA3C22A5440A0052290D /* UserObject.swift in Sources */,
				B91BEA2822A51E760052290D /* ViewController.swift in Sources */,
				B91BEA2622A51E760052290D /* AppDelegate.swift in Sources */,
				B91BEA4222A5E17F0052290D /* UserRequest.swift in Sources */,
				B91BEA4422A5E38A0052290D /* UserProvider.swift in Sources */,
			);
			runOnlyForDeploymentPostprocessing = 0;
		};
/* End PBXSourcesBuildPhase section */

/* Begin PBXVariantGroup section */
		B91BEA2922A51E760052290D /* Main.storyboard */ = {
			isa = PBXVariantGroup;
			children = (
				B91BEA2A22A51E760052290D /* Base */,
			);
			name = Main.storyboard;
			sourceTree = "<group>";
		};
		B91BEA3122A51E770052290D /* LaunchScreen.storyboard */ = {
			isa = PBXVariantGroup;
			children = (
				B91BEA3222A51E770052290D /* Base */,
			);
			name = LaunchScreen.storyboard;
			sourceTree = "<group>";
		};
/* End PBXVariantGroup section */

/* Begin XCBuildConfiguration section */
		B91BEA3522A51E770052290D /* Debug */ = {
			isa = XCBuildConfiguration;
			buildSettings = {
				ALWAYS_SEARCH_USER_PATHS = NO;
				CLANG_ANALYZER_NONNULL = YES;
				CLANG_ANALYZER_NUMBER_OBJECT_CONVERSION = YES_AGGRESSIVE;
				CLANG_CXX_LANGUAGE_STANDARD = "gnu++14";
				CLANG_CXX_LIBRARY = "libc++";
				CLANG_ENABLE_MODULES = YES;
				CLANG_ENABLE_OBJC_ARC = YES;
				CLANG_ENABLE_OBJC_WEAK = YES;
				CLANG_WARN_BLOCK_CAPTURE_AUTORELEASING = YES;
				CLANG_WARN_BOOL_CONVERSION = YES;
				CLANG_WARN_COMMA = YES;
				CLANG_WARN_CONSTANT_CONVERSION = YES;
				CLANG_WARN_DEPRECATED_OBJC_IMPLEMENTATIONS = YES;
				CLANG_WARN_DIRECT_OBJC_ISA_USAGE = YES_ERROR;
				CLANG_WARN_DOCUMENTATION_COMMENTS = YES;
				CLANG_WARN_EMPTY_BODY = YES;
				CLANG_WARN_ENUM_CONVERSION = YES;
				CLANG_WARN_INFINITE_RECURSION = YES;
				CLANG_WARN_INT_CONVERSION = YES;
				CLANG_WARN_NON_LITERAL_NULL_CONVERSION = YES;
				CLANG_WARN_OBJC_IMPLICIT_RETAIN_SELF = YES;
				CLANG_WARN_OBJC_LITERAL_CONVERSION = YES;
				CLANG_WARN_OBJC_ROOT_CLASS = YES_ERROR;
				CLANG_WARN_RANGE_LOOP_ANALYSIS = YES;
				CLANG_WARN_STRICT_PROTOTYPES = YES;
				CLANG_WARN_SUSPICIOUS_MOVE = YES;
				CLANG_WARN_UNGUARDED_AVAILABILITY = YES_AGGRESSIVE;
				CLANG_WARN_UNREACHABLE_CODE = YES;
				CLANG_WARN__DUPLICATE_METHOD_MATCH = YES;
				CODE_SIGN_IDENTITY = "iPhone Developer";
				COPY_PHASE_STRIP = NO;
				DEBUG_INFORMATION_FORMAT = dwarf;
				ENABLE_STRICT_OBJC_MSGSEND = YES;
				ENABLE_TESTABILITY = YES;
				GCC_C_LANGUAGE_STANDARD = gnu11;
				GCC_DYNAMIC_NO_PIC = NO;
				GCC_NO_COMMON_BLOCKS = YES;
				GCC_OPTIMIZATION_LEVEL = 0;
				GCC_PREPROCESSOR_DEFINITIONS = (
					"DEBUG=1",
					"$(inherited)",
				);
				GCC_WARN_64_TO_32_BIT_CONVERSION = YES;
				GCC_WARN_ABOUT_RETURN_TYPE = YES_ERROR;
				GCC_WARN_UNDECLARED_SELECTOR = YES;
				GCC_WARN_UNINITIALIZED_AUTOS = YES_AGGRESSIVE;
				GCC_WARN_UNUSED_FUNCTION = YES;
				GCC_WARN_UNUSED_VARIABLE = YES;
				IPHONEOS_DEPLOYMENT_TARGET = 11.0;
				MTL_ENABLE_DEBUG_INFO = INCLUDE_SOURCE;
				MTL_FAST_MATH = YES;
				ONLY_ACTIVE_ARCH = YES;
				SDKROOT = iphoneos;
				SWIFT_ACTIVE_COMPILATION_CONDITIONS = DEBUG;
				SWIFT_OPTIMIZATION_LEVEL = "-Onone";
			};
			name = Debug;
		};
		B91BEA3622A51E770052290D /* Release */ = {
			isa = XCBuildConfiguration;
			buildSettings = {
				ALWAYS_SEARCH_USER_PATHS = NO;
				CLANG_ANALYZER_NONNULL = YES;
				CLANG_ANALYZER_NUMBER_OBJECT_CONVERSION = YES_AGGRESSIVE;
				CLANG_CXX_LANGUAGE_STANDARD = "gnu++14";
				CLANG_CXX_LIBRARY = "libc++";
				CLANG_ENABLE_MODULES = YES;
				CLANG_ENABLE_OBJC_ARC = YES;
				CLANG_ENABLE_OBJC_WEAK = YES;
				CLANG_WARN_BLOCK_CAPTURE_AUTORELEASING = YES;
				CLANG_WARN_BOOL_CONVERSION = YES;
				CLANG_WARN_COMMA = YES;
				CLANG_WARN_CONSTANT_CONVERSION = YES;
				CLANG_WARN_DEPRECATED_OBJC_IMPLEMENTATIONS = YES;
				CLANG_WARN_DIRECT_OBJC_ISA_USAGE = YES_ERROR;
				CLANG_WARN_DOCUMENTATION_COMMENTS = YES;
				CLANG_WARN_EMPTY_BODY = YES;
				CLANG_WARN_ENUM_CONVERSION = YES;
				CLANG_WARN_INFINITE_RECURSION = YES;
				CLANG_WARN_INT_CONVERSION = YES;
				CLANG_WARN_NON_LITERAL_NULL_CONVERSION = YES;
				CLANG_WARN_OBJC_IMPLICIT_RETAIN_SELF = YES;
				CLANG_WARN_OBJC_LITERAL_CONVERSION = YES;
				CLANG_WARN_OBJC_ROOT_CLASS = YES_ERROR;
				CLANG_WARN_RANGE_LOOP_ANALYSIS = YES;
				CLANG_WARN_STRICT_PROTOTYPES = YES;
				CLANG_WARN_SUSPICIOUS_MOVE = YES;
				CLANG_WARN_UNGUARDED_AVAILABILITY = YES_AGGRESSIVE;
				CLANG_WARN_UNREACHABLE_CODE = YES;
				CLANG_WARN__DUPLICATE_METHOD_MATCH = YES;
				CODE_SIGN_IDENTITY = "iPhone Developer";
				COPY_PHASE_STRIP = NO;
				DEBUG_INFORMATION_FORMAT = "dwarf-with-dsym";
				ENABLE_NS_ASSERTIONS = NO;
				ENABLE_STRICT_OBJC_MSGSEND = YES;
				GCC_C_LANGUAGE_STANDARD = gnu11;
				GCC_NO_COMMON_BLOCKS = YES;
				GCC_WARN_64_TO_32_BIT_CONVERSION = YES;
				GCC_WARN_ABOUT_RETURN_TYPE = YES_ERROR;
				GCC_WARN_UNDECLARED_SELECTOR = YES;
				GCC_WARN_UNINITIALIZED_AUTOS = YES_AGGRESSIVE;
				GCC_WARN_UNUSED_FUNCTION = YES;
				GCC_WARN_UNUSED_VARIABLE = YES;
				IPHONEOS_DEPLOYMENT_TARGET = 11.0;
				MTL_ENABLE_DEBUG_INFO = NO;
				MTL_FAST_MATH = YES;
				SDKROOT = iphoneos;
				SWIFT_COMPILATION_MODE = wholemodule;
				SWIFT_OPTIMIZATION_LEVEL = "-O";
				VALIDATE_PRODUCT = YES;
			};
			name = Release;
		};
		B91BEA3822A51E770052290D /* Debug */ = {
			isa = XCBuildConfiguration;
			baseConfigurationReference = 702357C7C226AD0EFECD8FF0 /* Pods-Assignment17Media.debug.xcconfig */;
			buildSettings = {
				ASSETCATALOG_COMPILER_APPICON_NAME = AppIcon;
				CODE_SIGN_STYLE = Automatic;
				DEVELOPMENT_TEAM = R66LF8J636;
				INFOPLIST_FILE = Assignment17Media/Info.plist;
				IPHONEOS_DEPLOYMENT_TARGET = 11.0;
				LD_RUNPATH_SEARCH_PATHS = (
					"$(inherited)",
					"@executable_path/Frameworks",
				);
				PRODUCT_BUNDLE_IDENTIFIER = com.Jacqueline.Assignment17Media;
				PRODUCT_NAME = "$(TARGET_NAME)";
				SWIFT_VERSION = 5.0;
				TARGETED_DEVICE_FAMILY = 1;
			};
			name = Debug;
		};
		B91BEA3922A51E770052290D /* Release */ = {
			isa = XCBuildConfiguration;
			baseConfigurationReference = 9E41C4678869D756797A71DB /* Pods-Assignment17Media.release.xcconfig */;
			buildSettings = {
				ASSETCATALOG_COMPILER_APPICON_NAME = AppIcon;
				CODE_SIGN_STYLE = Automatic;
				DEVELOPMENT_TEAM = R66LF8J636;
				INFOPLIST_FILE = Assignment17Media/Info.plist;
				IPHONEOS_DEPLOYMENT_TARGET = 11.0;
				LD_RUNPATH_SEARCH_PATHS = (
					"$(inherited)",
					"@executable_path/Frameworks",
				);
				PRODUCT_BUNDLE_IDENTIFIER = com.Jacqueline.Assignment17Media;
				PRODUCT_NAME = "$(TARGET_NAME)";
				SWIFT_VERSION = 5.0;
				TARGETED_DEVICE_FAMILY = 1;
			};
			name = Release;
		};
/* End XCBuildConfiguration section */

/* Begin XCConfigurationList section */
		B91BEA1D22A51E760052290D /* Build configuration list for PBXProject "Assignment17Media" */ = {
			isa = XCConfigurationList;
			buildConfigurations = (
				B91BEA3522A51E770052290D /* Debug */,
				B91BEA3622A51E770052290D /* Release */,
			);
			defaultConfigurationIsVisible = 0;
			defaultConfigurationName = Release;
		};
		B91BEA3722A51E770052290D /* Build configuration list for PBXNativeTarget "Assignment17Media" */ = {
			isa = XCConfigurationList;
			buildConfigurations = (
				B91BEA3822A51E770052290D /* Debug */,
				B91BEA3922A51E770052290D /* Release */,
			);
			defaultConfigurationIsVisible = 0;
			defaultConfigurationName = Release;
		};
/* End XCConfigurationList section */

/* Begin XCVersionGroup section */
		B91BEA2C22A51E760052290D /* Assignment17Media.xcdatamodeld */ = {
			isa = XCVersionGroup;
			children = (
				B91BEA2D22A51E760052290D /* Assignment17Media.xcdatamodel */,
			);
			currentVersion = B91BEA2D22A51E760052290D /* Assignment17Media.xcdatamodel */;
			path = Assignment17Media.xcdatamodeld;
			sourceTree = "<group>";
			versionGroupType = wrapper.xcdatamodel;
		};
/* End XCVersionGroup section */
	};
	rootObject = B91BEA1A22A51E760052290D /* Project object */;
}
